
Microsoft Visual Studio Solution File, Format Version 12.00
# Visual Studio Version 17
VisualStudioVersion = 17.14.36511.14 d17.14
MinimumVisualStudioVersion = 10.0.40219.1
Project("{FAE04EC0-301F-11D3-BF4B-00C04F79EFBC}") = "ToDoList", "ToDoList.csproj", "{067C3E13-343C-4A4F-8DFC-4DF2B20BA1EC}"
EndProject
Global
	GlobalSection(SolutionConfigurationPlatforms) = preSolution
		Debug|Any CPU = Debug|Any CPU
		Release|Any CPU = Release|Any CPU
	EndGlobalSection
	GlobalSection(ProjectConfigurationPlatforms) = postSolution
		{067C3E13-343C-4A4F-8DFC-4DF2B20BA1EC}.Debug|Any CPU.ActiveCfg = Debug|Any CPU
		{067C3E13-343C-4A4F-8DFC-4DF2B20BA1EC}.Debug|Any CPU.Build.0 = Debug|Any CPU
		{067C3E13-343C-4A4F-8DFC-4DF2B20BA1EC}.Release|Any CPU.ActiveCfg = Release|Any CPU
		{067C3E13-343C-4A4F-8DFC-4DF2B20BA1EC}.Release|Any CPU.Build.0 = Release|Any CPU
	EndGlobalSection
	GlobalSection(SolutionProperties) = preSolution
		HideSolutionNode = FALSE
	EndGlobalSection
	GlobalSection(ExtensibilityGlobals) = postSolution
		SolutionGuid = {00F9C360-96B8-4E2A-84F0-8C21FCACBABF}
	EndGlobalSection
EndGlobal
